
Microsoft Visual Studio Solution File, Format Version 12.00
# Visual Studio 15
VisualStudioVersion = 15.0.28307.168
MinimumVisualStudioVersion = 10.0.40219.1
Project("{8BC9CEB8-8B4A-11D0-8D11-00A0C91BC942}") = "Example1", "Example1\Example1.vcxproj", "{D2C3DB78-F723-4F08-BA4D-AF37445CE259}"
EndProject
Project("{8BC9CEB8-8B4A-11D0-8D11-00A0C91BC942}") = "Example2", "Example2\Example2.vcxproj", "{579C3C96-2502-4527-94D8-74D8313CEF8A}"
EndProject
Project("{8BC9CEB8-8B4A-11D0-8D11-00A0C91BC942}") = "Example3", "Example3\Example3.vcxproj", "{396BC78C-30B3-4322-8122-FD0A261485C7}"
EndProject
Project("{8BC9CEB8-8B4A-11D0-8D11-00A0C91BC942}") = "Example4", "Example4\Example4.vcxproj", "{7C65EB33-ACF9-4150-A6F1-E622C744454E}"
EndProject
Global
	GlobalSection(SolutionConfigurationPlatforms) = preSolution
		Debug|x64 = Debug|x64
		Debug|x86 = Debug|x86
		Release|x64 = Release|x64
		Release|x86 = Release|x86
	EndGlobalSection
	GlobalSection(ProjectConfigurationPlatforms) = postSolution
		{D2C3DB78-F723-4F08-BA4D-AF37445CE259}.Debug|x64.ActiveCfg = Debug|x64
		{D2C3DB78-F723-4F08-BA4D-AF37445CE259}.Debug|x64.Build.0 = Debug|x64
		{D2C3DB78-F723-4F08-BA4D-AF37445CE259}.Debug|x86.ActiveCfg = Debug|Win32
		{D2C3DB78-F723-4F08-BA4D-AF37445CE259}.Debug|x86.Build.0 = Debug|Win32
		{D2C3DB78-F723-4F08-BA4D-AF37445CE259}.Release|x64.ActiveCfg = Release|x64
		{D2C3DB78-F723-4F08-BA4D-AF37445CE259}.Release|x64.Build.0 = Release|x64
		{D2C3DB78-F723-4F08-BA4D-AF37445CE259}.Release|x86.ActiveCfg = Release|Win32
		{D2C3DB78-F723-4F08-BA4D-AF37445CE259}.Release|x86.Build.0 = Release|Win32
		{579C3C96-2502-4527-94D8-74D8313CEF8A}.Debug|x64.ActiveCfg = Debug|x64
		{579C3C96-2502-4527-94D8-74D8313CEF8A}.Debug|x64.Build.0 = Debug|x64
		{579C3C96-2502-4527-94D8-74D8313CEF8A}.Debug|x86.ActiveCfg = Debug|Win32
		{579C3C96-2502-4527-94D8-74D8313CEF8A}.Debug|x86.Build.0 = Debug|Win32
		{579C3C96-2502-4527-94D8-74D8313CEF8A}.Release|x64.ActiveCfg = Release|x64
		{579C3C96-2502-4527-94D8-74D8313CEF8A}.Release|x64.Build.0 = Release|x64
		{579C3C96-2502-4527-94D8-74D8313CEF8A}.Release|x86.ActiveCfg = Release|Win32
		{579C3C96-2502-4527-94D8-74D8313CEF8A}.Release|x86.Build.0 = Release|Win32
		{396BC78C-30B3-4322-8122-FD0A261485C7}.Debug|x64.ActiveCfg = Debug|x64
		{396BC78C-30B3-4322-8122-FD0A261485C7}.Debug|x64.Build.0 = Debug|x64
		{396BC78C-30B3-4322-8122-FD0A261485C7}.Debug|x86.ActiveCfg = Debug|Win32
		{396BC78C-30B3-4322-8122-FD0A261485C7}.Debug|x86.Build.0 = Debug|Win32
		{396BC78C-30B3-4322-8122-FD0A261485C7}.Release|x64.ActiveCfg = Release|x64
		{396BC78C-30B3-4322-8122-FD0A261485C7}.Release|x64.Build.0 = Release|x64
		{396BC78C-30B3-4322-8122-FD0A261485C7}.Release|x86.ActiveCfg = Release|Win32
		{396BC78C-30B3-4322-8122-FD0A261485C7}.Release|x86.Build.0 = Release|Win32
		{7C65EB33-ACF9-4150-A6F1-E622C744454E}.Debug|x64.ActiveCfg = Debug|x64
		{7C65EB33-ACF9-4150-A6F1-E622C744454E}.Debug|x64.Build.0 = Debug|x64
		{7C65EB33-ACF9-4150-A6F1-E622C744454E}.Debug|x86.ActiveCfg = Debug|Win32
		{7C65EB33-ACF9-4150-A6F1-E622C744454E}.Debug|x86.Build.0 = Debug|Win32
		{7C65EB33-ACF9-4150-A6F1-E622C744454E}.Release|x64.ActiveCfg = Release|x64
		{7C65EB33-ACF9-4150-A6F1-E622C744454E}.Release|x64.Build.0 = Release|x64
		{7C65EB33-ACF9-4150-A6F1-E622C744454E}.Release|x86.ActiveCfg = Release|Win32
		{7C65EB33-ACF9-4150-A6F1-E622C744454E}.Release|x86.Build.0 = Release|Win32
	EndGlobalSection
	GlobalSection(SolutionProperties) = preSolution
		HideSolutionNode = FALSE
	EndGlobalSection
	GlobalSection(ExtensibilityGlobals) = postSolution
		SolutionGuid = {5E93E4F0-65D3-4BD7-A983-82EBBC5C9114}
	EndGlobalSection
EndGlobal
